
Microsoft Visual Studio Solution File, Format Version 12.00
# Visual Studio 15
VisualStudioVersion = 15.0.28010.2003
MinimumVisualStudioVersion = 10.0.40219.1
Project("{9A19103F-16F7-4668-BE54-9A1E7A4F7556}") = "BB.DigitalMirror.API", "BB.DigitalMirror.API\BB.DigitalMirror.API.csproj", "{D2F308ED-A3F9-4AC3-A3A5-B468920BCED8}"
EndProject
Project("{FAE04EC0-301F-11D3-BF4B-00C04F79EFBC}") = "BB.DigitalMirror.Provider.Ethereum", "BB.DigitalMirror.Provider.Ethereum\BB.DigitalMirror.Provider.Ethereum.csproj", "{6FBFDB00-0D2A-43D1-9ACF-3FB78D083069}"
EndProject
Project("{FAE04EC0-301F-11D3-BF4B-00C04F79EFBC}") = "BB.DigitalMirror.Business", "BB.DigitalMirror.Business\BB.DigitalMirror.Business.csproj", "{B8F6D8E5-4E57-4917-910C-A8FF93D1B65C}"
EndProject
Global
	GlobalSection(SolutionConfigurationPlatforms) = preSolution
		Debug|Any CPU = Debug|Any CPU
		Release|Any CPU = Release|Any CPU
	EndGlobalSection
	GlobalSection(ProjectConfigurationPlatforms) = postSolution
		{D2F308ED-A3F9-4AC3-A3A5-B468920BCED8}.Debug|Any CPU.ActiveCfg = Debug|Any CPU
		{D2F308ED-A3F9-4AC3-A3A5-B468920BCED8}.Debug|Any CPU.Build.0 = Debug|Any CPU
		{D2F308ED-A3F9-4AC3-A3A5-B468920BCED8}.Release|Any CPU.ActiveCfg = Release|Any CPU
		{D2F308ED-A3F9-4AC3-A3A5-B468920BCED8}.Release|Any CPU.Build.0 = Release|Any CPU
		{6FBFDB00-0D2A-43D1-9ACF-3FB78D083069}.Debug|Any CPU.ActiveCfg = Debug|Any CPU
		{6FBFDB00-0D2A-43D1-9ACF-3FB78D083069}.Debug|Any CPU.Build.0 = Debug|Any CPU
		{6FBFDB00-0D2A-43D1-9ACF-3FB78D083069}.Release|Any CPU.ActiveCfg = Release|Any CPU
		{6FBFDB00-0D2A-43D1-9ACF-3FB78D083069}.Release|Any CPU.Build.0 = Release|Any CPU
		{B8F6D8E5-4E57-4917-910C-A8FF93D1B65C}.Debug|Any CPU.ActiveCfg = Debug|Any CPU
		{B8F6D8E5-4E57-4917-910C-A8FF93D1B65C}.Debug|Any CPU.Build.0 = Debug|Any CPU
		{B8F6D8E5-4E57-4917-910C-A8FF93D1B65C}.Release|Any CPU.ActiveCfg = Release|Any CPU
		{B8F6D8E5-4E57-4917-910C-A8FF93D1B65C}.Release|Any CPU.Build.0 = Release|Any CPU
	EndGlobalSection
	GlobalSection(SolutionProperties) = preSolution
		HideSolutionNode = FALSE
	EndGlobalSection
	GlobalSection(ExtensibilityGlobals) = postSolution
		SolutionGuid = {C994151F-3F26-4563-9881-96FD763D913C}
	EndGlobalSection
EndGlobal
