
Microsoft Visual Studio Solution File, Format Version 12.00
# Visual Studio 15
VisualStudioVersion = 15.0.28010.2003
MinimumVisualStudioVersion = 10.0.40219.1
Project("{9A19103F-16F7-4668-BE54-9A1E7A4F7556}") = "BB.DigitalMirror.API", "BB.DigitalMirror.API\BB.DigitalMirror.API.csproj", "{D2F308ED-A3F9-4AC3-A3A5-B468920BCED8}"
EndProject
Project("{9A19103F-16F7-4668-BE54-9A1E7A4F7556}") = "BB.DigitalMirror.Provider.Ethereum", "BB.DigitalMirror.Provider.Ethereum\BB.DigitalMirror.Provider.Ethereum.csproj", "{6FBFDB00-0D2A-43D1-9ACF-3FB78D083069}"
EndProject
Project("{9A19103F-16F7-4668-BE54-9A1E7A4F7556}") = "BB.DigitalMirror.Business", "BB.DigitalMirror.Business\BB.DigitalMirror.Business.csproj", "{B8F6D8E5-4E57-4917-910C-A8FF93D1B65C}"
EndProject
Project("{9A19103F-16F7-4668-BE54-9A1E7A4F7556}") = "BB.DigitalMirror.Provider.Rchain", "BB.DigitalMirror.Provider.Rchain\BB.DigitalMirror.Provider.Rchain.csproj", "{19542C92-6B71-4E4D-ACE8-5737ECA18A81}"
EndProject
Project("{9A19103F-16F7-4668-BE54-9A1E7A4F7556}") = "BB.DigitalMirror.Data", "BB.DigitalMirror.Data\BB.DigitalMirror.Data.csproj", "{CF3D1CDA-DB05-4EF5-B6CD-B812B8F359C5}"
EndProject
Project("{2150E333-8FDC-42A3-9474-1A3956D46DE8}") = "Solution Items", "Solution Items", "{D56E4B1D-E78B-45D3-B6DA-15241A73B320}"
	ProjectSection(SolutionItems) = preProject
		..\.dockerignore = ..\.dockerignore
		..\README.md = ..\README.md
	EndProjectSection
EndProject
Project("{2150E333-8FDC-42A3-9474-1A3956D46DE8}") = "Blockchain Providers", "Blockchain Providers", "{B6BC7D44-DB18-4BCF-88D6-E7D61BAEB577}"
EndProject
Project("{2150E333-8FDC-42A3-9474-1A3956D46DE8}") = "src", "src", "{A74A0A14-5891-4F27-A9B6-AB4242862B3F}"
EndProject
Project("{FAE04EC0-301F-11D3-BF4B-00C04F79EFBC}") = "BB.DigitalMirror.Tests", "BB.DigitalMirror.Tests\BB.DigitalMirror.Tests.csproj", "{DC4E011E-CAC6-4459-846C-217394660577}"
EndProject
Global
	GlobalSection(SolutionConfigurationPlatforms) = preSolution
		Debug|Any CPU = Debug|Any CPU
		Release|Any CPU = Release|Any CPU
	EndGlobalSection
	GlobalSection(ProjectConfigurationPlatforms) = postSolution
		{D2F308ED-A3F9-4AC3-A3A5-B468920BCED8}.Debug|Any CPU.ActiveCfg = Debug|Any CPU
		{D2F308ED-A3F9-4AC3-A3A5-B468920BCED8}.Debug|Any CPU.Build.0 = Debug|Any CPU
		{D2F308ED-A3F9-4AC3-A3A5-B468920BCED8}.Release|Any CPU.ActiveCfg = Release|Any CPU
		{D2F308ED-A3F9-4AC3-A3A5-B468920BCED8}.Release|Any CPU.Build.0 = Release|Any CPU
		{6FBFDB00-0D2A-43D1-9ACF-3FB78D083069}.Debug|Any CPU.ActiveCfg = Debug|Any CPU
		{6FBFDB00-0D2A-43D1-9ACF-3FB78D083069}.Debug|Any CPU.Build.0 = Debug|Any CPU
		{6FBFDB00-0D2A-43D1-9ACF-3FB78D083069}.Release|Any CPU.ActiveCfg = Release|Any CPU
		{6FBFDB00-0D2A-43D1-9ACF-3FB78D083069}.Release|Any CPU.Build.0 = Release|Any CPU
		{B8F6D8E5-4E57-4917-910C-A8FF93D1B65C}.Debug|Any CPU.ActiveCfg = Debug|Any CPU
		{B8F6D8E5-4E57-4917-910C-A8FF93D1B65C}.Debug|Any CPU.Build.0 = Debug|Any CPU
		{B8F6D8E5-4E57-4917-910C-A8FF93D1B65C}.Release|Any CPU.ActiveCfg = Release|Any CPU
		{B8F6D8E5-4E57-4917-910C-A8FF93D1B65C}.Release|Any CPU.Build.0 = Release|Any CPU
		{19542C92-6B71-4E4D-ACE8-5737ECA18A81}.Debug|Any CPU.ActiveCfg = Debug|Any CPU
		{19542C92-6B71-4E4D-ACE8-5737ECA18A81}.Debug|Any CPU.Build.0 = Debug|Any CPU
		{19542C92-6B71-4E4D-ACE8-5737ECA18A81}.Release|Any CPU.ActiveCfg = Release|Any CPU
		{19542C92-6B71-4E4D-ACE8-5737ECA18A81}.Release|Any CPU.Build.0 = Release|Any CPU
		{CF3D1CDA-DB05-4EF5-B6CD-B812B8F359C5}.Debug|Any CPU.ActiveCfg = Debug|Any CPU
		{CF3D1CDA-DB05-4EF5-B6CD-B812B8F359C5}.Debug|Any CPU.Build.0 = Debug|Any CPU
		{CF3D1CDA-DB05-4EF5-B6CD-B812B8F359C5}.Release|Any CPU.ActiveCfg = Release|Any CPU
		{CF3D1CDA-DB05-4EF5-B6CD-B812B8F359C5}.Release|Any CPU.Build.0 = Release|Any CPU
		{DC4E011E-CAC6-4459-846C-217394660577}.Debug|Any CPU.ActiveCfg = Debug|Any CPU
		{DC4E011E-CAC6-4459-846C-217394660577}.Debug|Any CPU.Build.0 = Debug|Any CPU
		{DC4E011E-CAC6-4459-846C-217394660577}.Release|Any CPU.ActiveCfg = Release|Any CPU
		{DC4E011E-CAC6-4459-846C-217394660577}.Release|Any CPU.Build.0 = Release|Any CPU
	EndGlobalSection
	GlobalSection(SolutionProperties) = preSolution
		HideSolutionNode = FALSE
	EndGlobalSection
	GlobalSection(NestedProjects) = preSolution
		{D2F308ED-A3F9-4AC3-A3A5-B468920BCED8} = {A74A0A14-5891-4F27-A9B6-AB4242862B3F}
		{6FBFDB00-0D2A-43D1-9ACF-3FB78D083069} = {B6BC7D44-DB18-4BCF-88D6-E7D61BAEB577}
		{B8F6D8E5-4E57-4917-910C-A8FF93D1B65C} = {A74A0A14-5891-4F27-A9B6-AB4242862B3F}
		{19542C92-6B71-4E4D-ACE8-5737ECA18A81} = {B6BC7D44-DB18-4BCF-88D6-E7D61BAEB577}
		{CF3D1CDA-DB05-4EF5-B6CD-B812B8F359C5} = {A74A0A14-5891-4F27-A9B6-AB4242862B3F}
		{B6BC7D44-DB18-4BCF-88D6-E7D61BAEB577} = {A74A0A14-5891-4F27-A9B6-AB4242862B3F}
		{DC4E011E-CAC6-4459-846C-217394660577} = {A74A0A14-5891-4F27-A9B6-AB4242862B3F}
	EndGlobalSection
	GlobalSection(ExtensibilityGlobals) = postSolution
		SolutionGuid = {C994151F-3F26-4563-9881-96FD763D913C}
	EndGlobalSection
EndGlobal
